{
  "name": "@all-access-artist/backend",
  "version": "2.0.0",
  "lockfileVersion": 2,
  "requires": true,
  "packages": {
    "": {
      "name": "@all-access-artist/backend",
      "version": "2.0.0",
      "license": "PROPRIETARY",
      "dependencies": {
        "@hono/zod-validator": "^0.2.0",
        "@supabase/supabase-js": "^2.39.0",
        "hono": "^3.12.0",
        "zod": "^3.22.0"
      },
      "devDependencies": {
        "@cloudflare/workers-types": "^4.20240208.0",
        "@types/node": "^20.11.0",
        "typescript": "^5.3.0",
        "wrangler": "^3.28.0"
      }
    }
  }
}
